
Microsoft Visual Studio Solution File, Format Version 12.00
# Visual Studio Version 16
VisualStudioVersion = 16.0.29613.14
MinimumVisualStudioVersion = 10.0.40219.1
Project("{9A19103F-16F7-4668-BE54-9A1E7A4F7556}") = "TheWeather.Model", "src\TheWeather.Model\TheWeather.Model.csproj", "{60FA1A06-A322-49BA-B40F-E69872DF1882}"
EndProject
Project("{9A19103F-16F7-4668-BE54-9A1E7A4F7556}") = "TheWeather.Api", "src\TheWeather.Api\TheWeather.Api.csproj", "{0D4CE5E5-D6C9-4DFA-A139-CBBF1D35D058}"
EndProject
Project("{FAE04EC0-301F-11D3-BF4B-00C04F79EFBC}") = "TheWeather.Service", "src\TheWeather.Service\TheWeather.Service.csproj", "{0F391074-065F-454F-AAD6-D18CAADD532E}"
EndProject
Global
	GlobalSection(SolutionConfigurationPlatforms) = preSolution
		Debug|Any CPU = Debug|Any CPU
		Release|Any CPU = Release|Any CPU
	EndGlobalSection
	GlobalSection(ProjectConfigurationPlatforms) = postSolution
		{60FA1A06-A322-49BA-B40F-E69872DF1882}.Debug|Any CPU.ActiveCfg = Debug|Any CPU
		{60FA1A06-A322-49BA-B40F-E69872DF1882}.Debug|Any CPU.Build.0 = Debug|Any CPU
		{60FA1A06-A322-49BA-B40F-E69872DF1882}.Release|Any CPU.ActiveCfg = Release|Any CPU
		{60FA1A06-A322-49BA-B40F-E69872DF1882}.Release|Any CPU.Build.0 = Release|Any CPU
		{0D4CE5E5-D6C9-4DFA-A139-CBBF1D35D058}.Debug|Any CPU.ActiveCfg = Debug|Any CPU
		{0D4CE5E5-D6C9-4DFA-A139-CBBF1D35D058}.Debug|Any CPU.Build.0 = Debug|Any CPU
		{0D4CE5E5-D6C9-4DFA-A139-CBBF1D35D058}.Release|Any CPU.ActiveCfg = Release|Any CPU
		{0D4CE5E5-D6C9-4DFA-A139-CBBF1D35D058}.Release|Any CPU.Build.0 = Release|Any CPU
		{0F391074-065F-454F-AAD6-D18CAADD532E}.Debug|Any CPU.ActiveCfg = Debug|Any CPU
		{0F391074-065F-454F-AAD6-D18CAADD532E}.Debug|Any CPU.Build.0 = Debug|Any CPU
		{0F391074-065F-454F-AAD6-D18CAADD532E}.Release|Any CPU.ActiveCfg = Release|Any CPU
		{0F391074-065F-454F-AAD6-D18CAADD532E}.Release|Any CPU.Build.0 = Release|Any CPU
	EndGlobalSection
	GlobalSection(SolutionProperties) = preSolution
		HideSolutionNode = FALSE
	EndGlobalSection
	GlobalSection(ExtensibilityGlobals) = postSolution
		SolutionGuid = {802A3ECC-5332-41D5-B9BD-9762DFE5F9F2}
	EndGlobalSection
EndGlobal
